// !$*UTF8*$!
{
	archiveVersion = 1;
	classes = {
	};
	objectVersion = 56;
	objects = {

/* Begin PBXBuildFile section */
		8985E06F29C56A3700B98E27 /* ContactsVC.swift in Sources */ = {isa = PBXBuildFile; fileRef = 8985E06E29C56A3700B98E27 /* ContactsVC.swift */; };
		89C73FD729C22CBD006747C1 /* AppDelegate.swift in Sources */ = {isa = PBXBuildFile; fileRef = 89C73FD629C22CBD006747C1 /* AppDelegate.swift */; };
		89C73FD929C22CBD006747C1 /* SceneDelegate.swift in Sources */ = {isa = PBXBuildFile; fileRef = 89C73FD829C22CBD006747C1 /* SceneDelegate.swift */; };
		89C73FDB29C22CBD006747C1 /* ViewController.swift in Sources */ = {isa = PBXBuildFile; fileRef = 89C73FDA29C22CBD006747C1 /* ViewController.swift */; };
		89C73FDE29C22CBD006747C1 /* Main.storyboard in Resources */ = {isa = PBXBuildFile; fileRef = 89C73FDC29C22CBD006747C1 /* Main.storyboard */; };
		89C73FE029C22CBF006747C1 /* Assets.xcassets in Resources */ = {isa = PBXBuildFile; fileRef = 89C73FDF29C22CBF006747C1 /* Assets.xcassets */; };
		89C73FE329C22CBF006747C1 /* LaunchScreen.storyboard in Resources */ = {isa = PBXBuildFile; fileRef = 89C73FE129C22CBF006747C1 /* LaunchScreen.storyboard */; };
		89C73FEB29C23B06006747C1 /* HomeTableViewCell.swift in Sources */ = {isa = PBXBuildFile; fileRef = 89C73FEA29C23B06006747C1 /* HomeTableViewCell.swift */; };
		89C73FEF29C2BDCC006747C1 /* HomeViewController.swift in Sources */ = {isa = PBXBuildFile; fileRef = 89C73FEE29C2BDCC006747C1 /* HomeViewController.swift */; };
		89D866E529C4D7C000AFCC93 /* UsersViewController.swift in Sources */ = {isa = PBXBuildFile; fileRef = 89D866E429C4D7C000AFCC93 /* UsersViewController.swift */; };
		89F586FB29C641FB009AB738 /* NumbersVC.swift in Sources */ = {isa = PBXBuildFile; fileRef = 89F586FA29C641FB009AB738 /* NumbersVC.swift */; };
		89F586FD29C664AE009AB738 /* CitiesViewController.swift in Sources */ = {isa = PBXBuildFile; fileRef = 89F586FC29C664AE009AB738 /* CitiesViewController.swift */; };
		89F586FF29C664D1009AB738 /* CitiesTableViewCell.swift in Sources */ = {isa = PBXBuildFile; fileRef = 89F586FE29C664D1009AB738 /* CitiesTableViewCell.swift */; };
		89F5870329C6D0A0009AB738 /* countryVC.swift in Sources */ = {isa = PBXBuildFile; fileRef = 89F5870229C6D0A0009AB738 /* countryVC.swift */; };
/* End PBXBuildFile section */

/* Begin PBXFileReference section */
		8985E06E29C56A3700B98E27 /* ContactsVC.swift */ = {isa = PBXFileReference; lastKnownFileType = sourcecode.swift; path = ContactsVC.swift; sourceTree = "<group>"; };
		89C73FD329C22CBD006747C1 /* TableView.app */ = {isa = PBXFileReference; explicitFileType = wrapper.application; includeInIndex = 0; path = TableView.app; sourceTree = BUILT_PRODUCTS_DIR; };
		89C73FD629C22CBD006747C1 /* AppDelegate.swift */ = {isa = PBXFileReference; lastKnownFileType = sourcecode.swift; path = AppDelegate.swift; sourceTree = "<group>"; };
		89C73FD829C22CBD006747C1 /* SceneDelegate.swift */ = {isa = PBXFileReference; lastKnownFileType = sourcecode.swift; path = SceneDelegate.swift; sourceTree = "<group>"; };
		89C73FDA29C22CBD006747C1 /* ViewController.swift */ = {isa = PBXFileReference; lastKnownFileType = sourcecode.swift; path = ViewController.swift; sourceTree = "<group>"; };
		89C73FDD29C22CBD006747C1 /* Base */ = {isa = PBXFileReference; lastKnownFileType = file.storyboard; name = Base; path = Base.lproj/Main.storyboard; sourceTree = "<group>"; };
		89C73FDF29C22CBF006747C1 /* Assets.xcassets */ = {isa = PBXFileReference; lastKnownFileType = folder.assetcatalog; path = Assets.xcassets; sourceTree = "<group>"; };
		89C73FE229C22CBF006747C1 /* Base */ = {isa = PBXFileReference; lastKnownFileType = file.storyboard; name = Base; path = Base.lproj/LaunchScreen.storyboard; sourceTree = "<group>"; };
		89C73FE429C22CBF006747C1 /* Info.plist */ = {isa = PBXFileReference; lastKnownFileType = text.plist.xml; path = Info.plist; sourceTree = "<group>"; };
		89C73FEA29C23B06006747C1 /* HomeTableViewCell.swift */ = {isa = PBXFileReference; lastKnownFileType = sourcecode.swift; path = HomeTableViewCell.swift; sourceTree = "<group>"; };
		89C73FEE29C2BDCC006747C1 /* HomeViewController.swift */ = {isa = PBXFileReference; lastKnownFileType = sourcecode.swift; path = HomeViewController.swift; sourceTree = "<group>"; };
		89D866E429C4D7C000AFCC93 /* UsersViewController.swift */ = {isa = PBXFileReference; lastKnownFileType = sourcecode.swift; path = UsersViewController.swift; sourceTree = "<group>"; };
		89F586FA29C641FB009AB738 /* NumbersVC.swift */ = {isa = PBXFileReference; lastKnownFileType = sourcecode.swift; path = NumbersVC.swift; sourceTree = "<group>"; };
		89F586FC29C664AE009AB738 /* CitiesViewController.swift */ = {isa = PBXFileReference; lastKnownFileType = sourcecode.swift; path = CitiesViewController.swift; sourceTree = "<group>"; };
		89F586FE29C664D1009AB738 /* CitiesTableViewCell.swift */ = {isa = PBXFileReference; lastKnownFileType = sourcecode.swift; path = CitiesTableViewCell.swift; sourceTree = "<group>"; };
		89F5870229C6D0A0009AB738 /* countryVC.swift */ = {isa = PBXFileReference; lastKnownFileType = sourcecode.swift; path = countryVC.swift; sourceTree = "<group>"; };
/* End PBXFileReference section */

/* Begin PBXFrameworksBuildPhase section */
		89C73FD029C22CBD006747C1 /* Frameworks */ = {
			isa = PBXFrameworksBuildPhase;
			buildActionMask = 2147483647;
			files = (
			);
			runOnlyForDeploymentPostprocessing = 0;
		};
/* End PBXFrameworksBuildPhase section */

/* Begin PBXGroup section */
		89C73FCA29C22CBD006747C1 = {
			isa = PBXGroup;
			children = (
				89C73FD529C22CBD006747C1 /* TableView */,
				89C73FD429C22CBD006747C1 /* Products */,
			);
			sourceTree = "<group>";
		};
		89C73FD429C22CBD006747C1 /* Products */ = {
			isa = PBXGroup;
			children = (
				89C73FD329C22CBD006747C1 /* TableView.app */,
			);
			name = Products;
			sourceTree = "<group>";
		};
		89C73FD529C22CBD006747C1 /* TableView */ = {
			isa = PBXGroup;
			children = (
				89C73FD629C22CBD006747C1 /* AppDelegate.swift */,
				89C73FD829C22CBD006747C1 /* SceneDelegate.swift */,
				89C73FDA29C22CBD006747C1 /* ViewController.swift */,
				89C73FDC29C22CBD006747C1 /* Main.storyboard */,
				89C73FDF29C22CBF006747C1 /* Assets.xcassets */,
				89C73FE129C22CBF006747C1 /* LaunchScreen.storyboard */,
				89C73FE429C22CBF006747C1 /* Info.plist */,
				89C73FEA29C23B06006747C1 /* HomeTableViewCell.swift */,
				89C73FEE29C2BDCC006747C1 /* HomeViewController.swift */,
				89D866E429C4D7C000AFCC93 /* UsersViewController.swift */,
				8985E06E29C56A3700B98E27 /* ContactsVC.swift */,
				89F586FA29C641FB009AB738 /* NumbersVC.swift */,
				89F586FC29C664AE009AB738 /* CitiesViewController.swift */,
				89F586FE29C664D1009AB738 /* CitiesTableViewCell.swift */,
				89F5870229C6D0A0009AB738 /* countryVC.swift */,
			);
			path = TableView;
			sourceTree = "<group>";
		};
/* End PBXGroup section */

/* Begin PBXNativeTarget section */
		89C73FD229C22CBD006747C1 /* TableView */ = {
			isa = PBXNativeTarget;
			buildConfigurationList = 89C73FE729C22CBF006747C1 /* Build configuration list for PBXNativeTarget "TableView" */;
			buildPhases = (
				89C73FCF29C22CBD006747C1 /* Sources */,
				89C73FD029C22CBD006747C1 /* Frameworks */,
				89C73FD129C22CBD006747C1 /* Resources */,
			);
			buildRules = (
			);
			dependencies = (
			);
			name = TableView;
			productName = TableView;
			productReference = 89C73FD329C22CBD006747C1 /* TableView.app */;
			productType = "com.apple.product-type.application";
		};
/* End PBXNativeTarget section */

/* Begin PBXProject section */
		89C73FCB29C22CBD006747C1 /* Project object */ = {
			isa = PBXProject;
			attributes = {
				BuildIndependentTargetsInParallel = 1;
				LastSwiftUpdateCheck = 1420;
				LastUpgradeCheck = 1420;
				TargetAttributes = {
					89C73FD229C22CBD006747C1 = {
						CreatedOnToolsVersion = 14.2;
					};
				};
			};
			buildConfigurationList = 89C73FCE29C22CBD006747C1 /* Build configuration list for PBXProject "TableView" */;
			compatibilityVersion = "Xcode 14.0";
			developmentRegion = en;
			hasScannedForEncodings = 0;
			knownRegions = (
				en,
				Base,
			);
			mainGroup = 89C73FCA29C22CBD006747C1;
			productRefGroup = 89C73FD429C22CBD006747C1 /* Products */;
			projectDirPath = "";
			projectRoot = "";
			targets = (
				89C73FD229C22CBD006747C1 /* TableView */,
			);
		};
/* End PBXProject section */

/* Begin PBXResourcesBuildPhase section */
		89C73FD129C22CBD006747C1 /* Resources */ = {
			isa = PBXResourcesBuildPhase;
			buildActionMask = 2147483647;
			files = (
				89C73FE329C22CBF006747C1 /* LaunchScreen.storyboard in Resources */,
				89C73FE029C22CBF006747C1 /* Assets.xcassets in Resources */,
				89C73FDE29C22CBD006747C1 /* Main.storyboard in Resources */,
			);
			runOnlyForDeploymentPostprocessing = 0;
		};
/* End PBXResourcesBuildPhase section */

/* Begin PBXSourcesBuildPhase section */
		89C73FCF29C22CBD006747C1 /* Sources */ = {
			isa = PBXSourcesBuildPhase;
			buildActionMask = 2147483647;
			files = (
				89C73FEF29C2BDCC006747C1 /* HomeViewController.swift in Sources */,
				89D866E529C4D7C000AFCC93 /* UsersViewController.swift in Sources */,
				89F5870329C6D0A0009AB738 /* countryVC.swift in Sources */,
				89C73FDB29C22CBD006747C1 /* ViewController.swift in Sources */,
				89F586FD29C664AE009AB738 /* CitiesViewController.swift in Sources */,
				89C73FD729C22CBD006747C1 /* AppDelegate.swift in Sources */,
				89C73FEB29C23B06006747C1 /* HomeTableViewCell.swift in Sources */,
				89F586FF29C664D1009AB738 /* CitiesTableViewCell.swift in Sources */,
				8985E06F29C56A3700B98E27 /* ContactsVC.swift in Sources */,
				89C73FD929C22CBD006747C1 /* SceneDelegate.swift in Sources */,
				89F586FB29C641FB009AB738 /* NumbersVC.swift in Sources */,
			);
			runOnlyForDeploymentPostprocessing = 0;
		};
/* End PBXSourcesBuildPhase section */

/* Begin PBXVariantGroup section */
		89C73FDC29C22CBD006747C1 /* Main.storyboard */ = {
			isa = PBXVariantGroup;
			children = (
				89C73FDD29C22CBD006747C1 /* Base */,
			);
			name = Main.storyboard;
			sourceTree = "<group>";
		};
		89C73FE129C22CBF006747C1 /* LaunchScreen.storyboard */ = {
			isa = PBXVariantGroup;
			children = (
				89C73FE229C22CBF006747C1 /* Base */,
			);
			name = LaunchScreen.storyboard;
			sourceTree = "<group>";
		};
/* End PBXVariantGroup section */

/* Begin XCBuildConfiguration section */
		89C73FE529C22CBF006747C1 /* Debug */ = {
			isa = XCBuildConfiguration;
			buildSettings = {
				ALWAYS_SEARCH_USER_PATHS = NO;
				CLANG_ANALYZER_NONNULL = YES;
				CLANG_ANALYZER_NUMBER_OBJECT_CONVERSION = YES_AGGRESSIVE;
				CLANG_CXX_LANGUAGE_STANDARD = "gnu++20";
				CLANG_ENABLE_MODULES = YES;
				CLANG_ENABLE_OBJC_ARC = YES;
				CLANG_ENABLE_OBJC_WEAK = YES;
				CLANG_WARN_BLOCK_CAPTURE_AUTORELEASING = YES;
				CLANG_WARN_BOOL_CONVERSION = YES;
				CLANG_WARN_COMMA = YES;
				CLANG_WARN_CONSTANT_CONVERSION = YES;
				CLANG_WARN_DEPRECATED_OBJC_IMPLEMENTATIONS = YES;
				CLANG_WARN_DIRECT_OBJC_ISA_USAGE = YES_ERROR;
				CLANG_WARN_DOCUMENTATION_COMMENTS = YES;
				CLANG_WARN_EMPTY_BODY = YES;
				CLANG_WARN_ENUM_CONVERSION = YES;
				CLANG_WARN_INFINITE_RECURSION = YES;
				CLANG_WARN_INT_CONVERSION = YES;
				CLANG_WARN_NON_LITERAL_NULL_CONVERSION = YES;
				CLANG_WARN_OBJC_IMPLICIT_RETAIN_SELF = YES;
				CLANG_WARN_OBJC_LITERAL_CONVERSION = YES;
				CLANG_WARN_OBJC_ROOT_CLASS = YES_ERROR;
				CLANG_WARN_QUOTED_INCLUDE_IN_FRAMEWORK_HEADER = YES;
				CLANG_WARN_RANGE_LOOP_ANALYSIS = YES;
				CLANG_WARN_STRICT_PROTOTYPES = YES;
				CLANG_WARN_SUSPICIOUS_MOVE = YES;
				CLANG_WARN_UNGUARDED_AVAILABILITY = YES_AGGRESSIVE;
				CLANG_WARN_UNREACHABLE_CODE = YES;
				CLANG_WARN__DUPLICATE_METHOD_MATCH = YES;
				COPY_PHASE_STRIP = NO;
				DEBUG_INFORMATION_FORMAT = dwarf;
				ENABLE_STRICT_OBJC_MSGSEND = YES;
				ENABLE_TESTABILITY = YES;
				GCC_C_LANGUAGE_STANDARD = gnu11;
				GCC_DYNAMIC_NO_PIC = NO;
				GCC_NO_COMMON_BLOCKS = YES;
				GCC_OPTIMIZATION_LEVEL = 0;
				GCC_PREPROCESSOR_DEFINITIONS = (
					"DEBUG=1",
					"$(inherited)",
				);
				GCC_WARN_64_TO_32_BIT_CONVERSION = YES;
				GCC_WARN_ABOUT_RETURN_TYPE = YES_ERROR;
				GCC_WARN_UNDECLARED_SELECTOR = YES;
				GCC_WARN_UNINITIALIZED_AUTOS = YES_AGGRESSIVE;
				GCC_WARN_UNUSED_FUNCTION = YES;
				GCC_WARN_UNUSED_VARIABLE = YES;
				IPHONEOS_DEPLOYMENT_TARGET = 16.2;
				MTL_ENABLE_DEBUG_INFO = INCLUDE_SOURCE;
				MTL_FAST_MATH = YES;
				ONLY_ACTIVE_ARCH = YES;
				SDKROOT = iphoneos;
				SWIFT_ACTIVE_COMPILATION_CONDITIONS = DEBUG;
				SWIFT_OPTIMIZATION_LEVEL = "-Onone";
			};
			name = Debug;
		};
		89C73FE629C22CBF006747C1 /* Release */ = {
			isa = XCBuildConfiguration;
			buildSettings = {
				ALWAYS_SEARCH_USER_PATHS = NO;
				CLANG_ANALYZER_NONNULL = YES;
				CLANG_ANALYZER_NUMBER_OBJECT_CONVERSION = YES_AGGRESSIVE;
				CLANG_CXX_LANGUAGE_STANDARD = "gnu++20";
				CLANG_ENABLE_MODULES = YES;
				CLANG_ENABLE_OBJC_ARC = YES;
				CLANG_ENABLE_OBJC_WEAK = YES;
				CLANG_WARN_BLOCK_CAPTURE_AUTORELEASING = YES;
				CLANG_WARN_BOOL_CONVERSION = YES;
				CLANG_WARN_COMMA = YES;
				CLANG_WARN_CONSTANT_CONVERSION = YES;
				CLANG_WARN_DEPRECATED_OBJC_IMPLEMENTATIONS = YES;
				CLANG_WARN_DIRECT_OBJC_ISA_USAGE = YES_ERROR;
				CLANG_WARN_DOCUMENTATION_COMMENTS = YES;
				CLANG_WARN_EMPTY_BODY = YES;
				CLANG_WARN_ENUM_CONVERSION = YES;
				CLANG_WARN_INFINITE_RECURSION = YES;
				CLANG_WARN_INT_CONVERSION = YES;
				CLANG_WARN_NON_LITERAL_NULL_CONVERSION = YES;
				CLANG_WARN_OBJC_IMPLICIT_RETAIN_SELF = YES;
				CLANG_WARN_OBJC_LITERAL_CONVERSION = YES;
				CLANG_WARN_OBJC_ROOT_CLASS = YES_ERROR;
				CLANG_WARN_QUOTED_INCLUDE_IN_FRAMEWORK_HEADER = YES;
				CLANG_WARN_RANGE_LOOP_ANALYSIS = YES;
				CLANG_WARN_STRICT_PROTOTYPES = YES;
				CLANG_WARN_SUSPICIOUS_MOVE = YES;
				CLANG_WARN_UNGUARDED_AVAILABILITY = YES_AGGRESSIVE;
				CLANG_WARN_UNREACHABLE_CODE = YES;
				CLANG_WARN__DUPLICATE_METHOD_MATCH = YES;
				COPY_PHASE_STRIP = NO;
				DEBUG_INFORMATION_FORMAT = "dwarf-with-dsym";
				ENABLE_NS_ASSERTIONS = NO;
				ENABLE_STRICT_OBJC_MSGSEND = YES;
				GCC_C_LANGUAGE_STANDARD = gnu11;
				GCC_NO_COMMON_BLOCKS = YES;
				GCC_WARN_64_TO_32_BIT_CONVERSION = YES;
				GCC_WARN_ABOUT_RETURN_TYPE = YES_ERROR;
				GCC_WARN_UNDECLARED_SELECTOR = YES;
				GCC_WARN_UNINITIALIZED_AUTOS = YES_AGGRESSIVE;
				GCC_WARN_UNUSED_FUNCTION = YES;
				GCC_WARN_UNUSED_VARIABLE = YES;
				IPHONEOS_DEPLOYMENT_TARGET = 16.2;
				MTL_ENABLE_DEBUG_INFO = NO;
				MTL_FAST_MATH = YES;
				SDKROOT = iphoneos;
				SWIFT_COMPILATION_MODE = wholemodule;
				SWIFT_OPTIMIZATION_LEVEL = "-O";
				VALIDATE_PRODUCT = YES;
			};
			name = Release;
		};
		89C73FE829C22CBF006747C1 /* Debug */ = {
			isa = XCBuildConfiguration;
			buildSettings = {
				ASSETCATALOG_COMPILER_APPICON_NAME = AppIcon;
				ASSETCATALOG_COMPILER_GLOBAL_ACCENT_COLOR_NAME = AccentColor;
				CODE_SIGN_STYLE = Automatic;
				CURRENT_PROJECT_VERSION = 1;
				GENERATE_INFOPLIST_FILE = YES;
				INFOPLIST_FILE = TableView/Info.plist;
				INFOPLIST_KEY_UIApplicationSupportsIndirectInputEvents = YES;
				INFOPLIST_KEY_UILaunchStoryboardName = LaunchScreen;
				INFOPLIST_KEY_UIMainStoryboardFile = Main;
				INFOPLIST_KEY_UISupportedInterfaceOrientations_iPad = "UIInterfaceOrientationPortrait UIInterfaceOrientationPortraitUpsideDown UIInterfaceOrientationLandscapeLeft UIInterfaceOrientationLandscapeRight";
				INFOPLIST_KEY_UISupportedInterfaceOrientations_iPhone = "UIInterfaceOrientationPortrait UIInterfaceOrientationLandscapeLeft UIInterfaceOrientationLandscapeRight";
				LD_RUNPATH_SEARCH_PATHS = (
					"$(inherited)",
					"@executable_path/Frameworks",
				);
				MARKETING_VERSION = 1.0;
				PRODUCT_BUNDLE_IDENTIFIER = hatem.TableView;
				PRODUCT_NAME = "$(TARGET_NAME)";
				SWIFT_EMIT_LOC_STRINGS = YES;
				SWIFT_VERSION = 5.0;
				TARGETED_DEVICE_FAMILY = "1,2";
			};
			name = Debug;
		};
		89C73FE929C22CBF006747C1 /* Release */ = {
			isa = XCBuildConfiguration;
			buildSettings = {
				ASSETCATALOG_COMPILER_APPICON_NAME = AppIcon;
				ASSETCATALOG_COMPILER_GLOBAL_ACCENT_COLOR_NAME = AccentColor;
				CODE_SIGN_STYLE = Automatic;
				CURRENT_PROJECT_VERSION = 1;
				GENERATE_INFOPLIST_FILE = YES;
				INFOPLIST_FILE = TableView/Info.plist;
				INFOPLIST_KEY_UIApplicationSupportsIndirectInputEvents = YES;
				INFOPLIST_KEY_UILaunchStoryboardName = LaunchScreen;
				INFOPLIST_KEY_UIMainStoryboardFile = Main;
				INFOPLIST_KEY_UISupportedInterfaceOrientations_iPad = "UIInterfaceOrientationPortrait UIInterfaceOrientationPortraitUpsideDown UIInterfaceOrientationLandscapeLeft UIInterfaceOrientationLandscapeRight";
				INFOPLIST_KEY_UISupportedInterfaceOrientations_iPhone = "UIInterfaceOrientationPortrait UIInterfaceOrientationLandscapeLeft UIInterfaceOrientationLandscapeRight";
				LD_RUNPATH_SEARCH_PATHS = (
					"$(inherited)",
					"@executable_path/Frameworks",
				);
				MARKETING_VERSION = 1.0;
				PRODUCT_BUNDLE_IDENTIFIER = hatem.TableView;
				PRODUCT_NAME = "$(TARGET_NAME)";
				SWIFT_EMIT_LOC_STRINGS = YES;
				SWIFT_VERSION = 5.0;
				TARGETED_DEVICE_FAMILY = "1,2";
			};
			name = Release;
		};
/* End XCBuildConfiguration section */

/* Begin XCConfigurationList section */
		89C73FCE29C22CBD006747C1 /* Build configuration list for PBXProject "TableView" */ = {
			isa = XCConfigurationList;
			buildConfigurations = (
				89C73FE529C22CBF006747C1 /* Debug */,
				89C73FE629C22CBF006747C1 /* Release */,
			);
			defaultConfigurationIsVisible = 0;
			defaultConfigurationName = Release;
		};
		89C73FE729C22CBF006747C1 /* Build configuration list for PBXNativeTarget "TableView" */ = {
			isa = XCConfigurationList;
			buildConfigurations = (
				89C73FE829C22CBF006747C1 /* Debug */,
				89C73FE929C22CBF006747C1 /* Release */,
			);
			defaultConfigurationIsVisible = 0;
			defaultConfigurationName = Release;
		};
/* End XCConfigurationList section */
	};
	rootObject = 89C73FCB29C22CBD006747C1 /* Project object */;
}
